// !$*UTF8*$!
{
	archiveVersion = 1;
	classes = {
	};
	objectVersion = 46;
	objects = {

/* Begin PBXBuildFile section */
		18D34D9E1E2EFB83003B64F7 /* AppDelegate.swift in Sources */ = {isa = PBXBuildFile; fileRef = 18D34D9D1E2EFB83003B64F7 /* AppDelegate.swift */; };
		18D34DA01E2EFB83003B64F7 /* ViewController.swift in Sources */ = {isa = PBXBuildFile; fileRef = 18D34D9F1E2EFB83003B64F7 /* ViewController.swift */; };
		18D34DA31E2EFB83003B64F7 /* Main.storyboard in Resources */ = {isa = PBXBuildFile; fileRef = 18D34DA11E2EFB83003B64F7 /* Main.storyboard */; };
		18D34DA51E2EFB83003B64F7 /* Assets.xcassets in Resources */ = {isa = PBXBuildFile; fileRef = 18D34DA41E2EFB83003B64F7 /* Assets.xcassets */; };
		18D34DA81E2EFB83003B64F7 /* LaunchScreen.storyboard in Resources */ = {isa = PBXBuildFile; fileRef = 18D34DA61E2EFB83003B64F7 /* LaunchScreen.storyboard */; };
		18D34DB31E2EFB83003B64F7 /* sampleSwitchTests.swift in Sources */ = {isa = PBXBuildFile; fileRef = 18D34DB21E2EFB83003B64F7 /* sampleSwitchTests.swift */; };
		18D34DBE1E2EFB84003B64F7 /* sampleSwitchUITests.swift in Sources */ = {isa = PBXBuildFile; fileRef = 18D34DBD1E2EFB84003B64F7 /* sampleSwitchUITests.swift */; };
/* End PBXBuildFile section */

/* Begin PBXContainerItemProxy section */
		18D34DAF1E2EFB83003B64F7 /* PBXContainerItemProxy */ = {
			isa = PBXContainerItemProxy;
			containerPortal = 18D34D921E2EFB82003B64F7 /* Project object */;
			proxyType = 1;
			remoteGlobalIDString = 18D34D991E2EFB82003B64F7;
			remoteInfo = sampleSwitch;
		};
		18D34DBA1E2EFB84003B64F7 /* PBXContainerItemProxy */ = {
			isa = PBXContainerItemProxy;
			containerPortal = 18D34D921E2EFB82003B64F7 /* Project object */;
			proxyType = 1;
			remoteGlobalIDString = 18D34D991E2EFB82003B64F7;
			remoteInfo = sampleSwitch;
		};
/* End PBXContainerItemProxy section */

/* Begin PBXFileReference section */
		18D34D9A1E2EFB83003B64F7 /* sampleSwitch.app */ = {isa = PBXFileReference; explicitFileType = wrapper.application; includeInIndex = 0; path = sampleSwitch.app; sourceTree = BUILT_PRODUCTS_DIR; };
		18D34D9D1E2EFB83003B64F7 /* AppDelegate.swift */ = {isa = PBXFileReference; lastKnownFileType = sourcecode.swift; path = AppDelegate.swift; sourceTree = "<group>"; };
		18D34D9F1E2EFB83003B64F7 /* ViewController.swift */ = {isa = PBXFileReference; lastKnownFileType = sourcecode.swift; path = ViewController.swift; sourceTree = "<group>"; };
		18D34DA21E2EFB83003B64F7 /* Base */ = {isa = PBXFileReference; lastKnownFileType = file.storyboard; name = Base; path = Base.lproj/Main.storyboard; sourceTree = "<group>"; };
		18D34DA41E2EFB83003B64F7 /* Assets.xcassets */ = {isa = PBXFileReference; lastKnownFileType = folder.assetcatalog; path = Assets.xcassets; sourceTree = "<group>"; };
		18D34DA71E2EFB83003B64F7 /* Base */ = {isa = PBXFileReference; lastKnownFileType = file.storyboard; name = Base; path = Base.lproj/LaunchScreen.storyboard; sourceTree = "<group>"; };
		18D34DA91E2EFB83003B64F7 /* Info.plist */ = {isa = PBXFileReference; lastKnownFileType = text.plist.xml; path = Info.plist; sourceTree = "<group>"; };
		18D34DAE1E2EFB83003B64F7 /* sampleSwitchTests.xctest */ = {isa = PBXFileReference; explicitFileType = wrapper.cfbundle; includeInIndex = 0; path = sampleSwitchTests.xctest; sourceTree = BUILT_PRODUCTS_DIR; };
		18D34DB21E2EFB83003B64F7 /* sampleSwitchTests.swift */ = {isa = PBXFileReference; lastKnownFileType = sourcecode.swift; path = sampleSwitchTests.swift; sourceTree = "<group>"; };
		18D34DB41E2EFB83003B64F7 /* Info.plist */ = {isa = PBXFileReference; lastKnownFileType = text.plist.xml; path = Info.plist; sourceTree = "<group>"; };
		18D34DB91E2EFB84003B64F7 /* sampleSwitchUITests.xctest */ = {isa = PBXFileReference; explicitFileType = wrapper.cfbundle; includeInIndex = 0; path = sampleSwitchUITests.xctest; sourceTree = BUILT_PRODUCTS_DIR; };
		18D34DBD1E2EFB84003B64F7 /* sampleSwitchUITests.swift */ = {isa = PBXFileReference; lastKnownFileType = sourcecode.swift; path = sampleSwitchUITests.swift; sourceTree = "<group>"; };
		18D34DBF1E2EFB84003B64F7 /* Info.plist */ = {isa = PBXFileReference; lastKnownFileType = text.plist.xml; path = Info.plist; sourceTree = "<group>"; };
/* End PBXFileReference section */

/* Begin PBXFrameworksBuildPhase section */
		18D34D971E2EFB82003B64F7 /* Frameworks */ = {
			isa = PBXFrameworksBuildPhase;
			buildActionMask = 2147483647;
			files = (
			);
			runOnlyForDeploymentPostprocessing = 0;
		};
		18D34DAB1E2EFB83003B64F7 /* Frameworks */ = {
			isa = PBXFrameworksBuildPhase;
			buildActionMask = 2147483647;
			files = (
			);
			runOnlyForDeploymentPostprocessing = 0;
		};
		18D34DB61E2EFB84003B64F7 /* Frameworks */ = {
			isa = PBXFrameworksBuildPhase;
			buildActionMask = 2147483647;
			files = (
			);
			runOnlyForDeploymentPostprocessing = 0;
		};
/* End PBXFrameworksBuildPhase section */

/* Begin PBXGroup section */
		18D34D911E2EFB82003B64F7 = {
			isa = PBXGroup;
			children = (
				18D34D9C1E2EFB83003B64F7 /* sampleSwitch */,
				18D34DB11E2EFB83003B64F7 /* sampleSwitchTests */,
				18D34DBC1E2EFB84003B64F7 /* sampleSwitchUITests */,
				18D34D9B1E2EFB83003B64F7 /* Products */,
			);
			sourceTree = "<group>";
		};
		18D34D9B1E2EFB83003B64F7 /* Products */ = {
			isa = PBXGroup;
			children = (
				18D34D9A1E2EFB83003B64F7 /* sampleSwitch.app */,
				18D34DAE1E2EFB83003B64F7 /* sampleSwitchTests.xctest */,
				18D34DB91E2EFB84003B64F7 /* sampleSwitchUITests.xctest */,
			);
			name = Products;
			sourceTree = "<group>";
		};
		18D34D9C1E2EFB83003B64F7 /* sampleSwitch */ = {
			isa = PBXGroup;
			children = (
				18D34D9D1E2EFB83003B64F7 /* AppDelegate.swift */,
				18D34D9F1E2EFB83003B64F7 /* ViewController.swift */,
				18D34DA11E2EFB83003B64F7 /* Main.storyboard */,
				18D34DA41E2EFB83003B64F7 /* Assets.xcassets */,
				18D34DA61E2EFB83003B64F7 /* LaunchScreen.storyboard */,
				18D34DA91E2EFB83003B64F7 /* Info.plist */,
			);
			path = sampleSwitch;
			sourceTree = "<group>";
		};
		18D34DB11E2EFB83003B64F7 /* sampleSwitchTests */ = {
			isa = PBXGroup;
			children = (
				18D34DB21E2EFB83003B64F7 /* sampleSwitchTests.swift */,
				18D34DB41E2EFB83003B64F7 /* Info.plist */,
			);
			path = sampleSwitchTests;
			sourceTree = "<group>";
		};
		18D34DBC1E2EFB84003B64F7 /* sampleSwitchUITests */ = {
			isa = PBXGroup;
			children = (
				18D34DBD1E2EFB84003B64F7 /* sampleSwitchUITests.swift */,
				18D34DBF1E2EFB84003B64F7 /* Info.plist */,
			);
			path = sampleSwitchUITests;
			sourceTree = "<group>";
		};
/* End PBXGroup section */

/* Begin PBXNativeTarget section */
		18D34D991E2EFB82003B64F7 /* sampleSwitch */ = {
			isa = PBXNativeTarget;
			buildConfigurationList = 18D34DC21E2EFB84003B64F7 /* Build configuration list for PBXNativeTarget "sampleSwitch" */;
			buildPhases = (
				18D34D961E2EFB82003B64F7 /* Sources */,
				18D34D971E2EFB82003B64F7 /* Frameworks */,
				18D34D981E2EFB82003B64F7 /* Resources */,
			);
			buildRules = (
			);
			dependencies = (
			);
			name = sampleSwitch;
			productName = sampleSwitch;
			productReference = 18D34D9A1E2EFB83003B64F7 /* sampleSwitch.app */;
			productType = "com.apple.product-type.application";
		};
		18D34DAD1E2EFB83003B64F7 /* sampleSwitchTests */ = {
			isa = PBXNativeTarget;
			buildConfigurationList = 18D34DC51E2EFB84003B64F7 /* Build configuration list for PBXNativeTarget "sampleSwitchTests" */;
			buildPhases = (
				18D34DAA1E2EFB83003B64F7 /* Sources */,
				18D34DAB1E2EFB83003B64F7 /* Frameworks */,
				18D34DAC1E2EFB83003B64F7 /* Resources */,
			);
			buildRules = (
			);
			dependencies = (
				18D34DB01E2EFB83003B64F7 /* PBXTargetDependency */,
			);
			name = sampleSwitchTests;
			productName = sampleSwitchTests;
			productReference = 18D34DAE1E2EFB83003B64F7 /* sampleSwitchTests.xctest */;
			productType = "com.apple.product-type.bundle.unit-test";
		};
		18D34DB81E2EFB84003B64F7 /* sampleSwitchUITests */ = {
			isa = PBXNativeTarget;
			buildConfigurationList = 18D34DC81E2EFB84003B64F7 /* Build configuration list for PBXNativeTarget "sampleSwitchUITests" */;
			buildPhases = (
				18D34DB51E2EFB84003B64F7 /* Sources */,
				18D34DB61E2EFB84003B64F7 /* Frameworks */,
				18D34DB71E2EFB84003B64F7 /* Resources */,
			);
			buildRules = (
			);
			dependencies = (
				18D34DBB1E2EFB84003B64F7 /* PBXTargetDependency */,
			);
			name = sampleSwitchUITests;
			productName = sampleSwitchUITests;
			productReference = 18D34DB91E2EFB84003B64F7 /* sampleSwitchUITests.xctest */;
			productType = "com.apple.product-type.bundle.ui-testing";
		};
/* End PBXNativeTarget section */

/* Begin PBXProject section */
		18D34D921E2EFB82003B64F7 /* Project object */ = {
			isa = PBXProject;
			attributes = {
				LastSwiftUpdateCheck = 0820;
				LastUpgradeCheck = 0820;
				ORGANIZATIONNAME = "Sasaki Kazuhiro";
				TargetAttributes = {
					18D34D991E2EFB82003B64F7 = {
						CreatedOnToolsVersion = 8.2;
						ProvisioningStyle = Automatic;
					};
					18D34DAD1E2EFB83003B64F7 = {
						CreatedOnToolsVersion = 8.2;
						ProvisioningStyle = Automatic;
						TestTargetID = 18D34D991E2EFB82003B64F7;
					};
					18D34DB81E2EFB84003B64F7 = {
						CreatedOnToolsVersion = 8.2;
						ProvisioningStyle = Automatic;
						TestTargetID = 18D34D991E2EFB82003B64F7;
					};
				};
			};
			buildConfigurationList = 18D34D951E2EFB82003B64F7 /* Build configuration list for PBXProject "sampleSwitch" */;
			compatibilityVersion = "Xcode 3.2";
			developmentRegion = English;
			hasScannedForEncodings = 0;
			knownRegions = (
				en,
				Base,
			);
			mainGroup = 18D34D911E2EFB82003B64F7;
			productRefGroup = 18D34D9B1E2EFB83003B64F7 /* Products */;
			projectDirPath = "";
			projectRoot = "";
			targets = (
				18D34D991E2EFB82003B64F7 /* sampleSwitch */,
				18D34DAD1E2EFB83003B64F7 /* sampleSwitchTests */,
				18D34DB81E2EFB84003B64F7 /* sampleSwitchUITests */,
			);
		};
/* End PBXProject section */

/* Begin PBXResourcesBuildPhase section */
		18D34D981E2EFB82003B64F7 /* Resources */ = {
			isa = PBXResourcesBuildPhase;
			buildActionMask = 2147483647;
			files = (
				18D34DA81E2EFB83003B64F7 /* LaunchScreen.storyboard in Resources */,
				18D34DA51E2EFB83003B64F7 /* Assets.xcassets in Resources */,
				18D34DA31E2EFB83003B64F7 /* Main.storyboard in Resources */,
			);
			runOnlyForDeploymentPostprocessing = 0;
		};
		18D34DAC1E2EFB83003B64F7 /* Resources */ = {
			isa = PBXResourcesBuildPhase;
			buildActionMask = 2147483647;
			files = (
			);
			runOnlyForDeploymentPostprocessing = 0;
		};
		18D34DB71E2EFB84003B64F7 /* Resources */ = {
			isa = PBXResourcesBuildPhase;
			buildActionMask = 2147483647;
			files = (
			);
			runOnlyForDeploymentPostprocessing = 0;
		};
/* End PBXResourcesBuildPhase section */

/* Begin PBXSourcesBuildPhase section */
		18D34D961E2EFB82003B64F7 /* Sources */ = {
			isa = PBXSourcesBuildPhase;
			buildActionMask = 2147483647;
			files = (
				18D34DA01E2EFB83003B64F7 /* ViewController.swift in Sources */,
				18D34D9E1E2EFB83003B64F7 /* AppDelegate.swift in Sources */,
			);
			runOnlyForDeploymentPostprocessing = 0;
		};
		18D34DAA1E2EFB83003B64F7 /* Sources */ = {
			isa = PBXSourcesBuildPhase;
			buildActionMask = 2147483647;
			files = (
				18D34DB31E2EFB83003B64F7 /* sampleSwitchTests.swift in Sources */,
			);
			runOnlyForDeploymentPostprocessing = 0;
		};
		18D34DB51E2EFB84003B64F7 /* Sources */ = {
			isa = PBXSourcesBuildPhase;
			buildActionMask = 2147483647;
			files = (
				18D34DBE1E2EFB84003B64F7 /* sampleSwitchUITests.swift in Sources */,
			);
			runOnlyForDeploymentPostprocessing = 0;
		};
/* End PBXSourcesBuildPhase section */

/* Begin PBXTargetDependency section */
		18D34DB01E2EFB83003B64F7 /* PBXTargetDependency */ = {
			isa = PBXTargetDependency;
			target = 18D34D991E2EFB82003B64F7 /* sampleSwitch */;
			targetProxy = 18D34DAF1E2EFB83003B64F7 /* PBXContainerItemProxy */;
		};
		18D34DBB1E2EFB84003B64F7 /* PBXTargetDependency */ = {
			isa = PBXTargetDependency;
			target = 18D34D991E2EFB82003B64F7 /* sampleSwitch */;
			targetProxy = 18D34DBA1E2EFB84003B64F7 /* PBXContainerItemProxy */;
		};
/* End PBXTargetDependency section */

/* Begin PBXVariantGroup section */
		18D34DA11E2EFB83003B64F7 /* Main.storyboard */ = {
			isa = PBXVariantGroup;
			children = (
				18D34DA21E2EFB83003B64F7 /* Base */,
			);
			name = Main.storyboard;
			sourceTree = "<group>";
		};
		18D34DA61E2EFB83003B64F7 /* LaunchScreen.storyboard */ = {
			isa = PBXVariantGroup;
			children = (
				18D34DA71E2EFB83003B64F7 /* Base */,
			);
			name = LaunchScreen.storyboard;
			sourceTree = "<group>";
		};
/* End PBXVariantGroup section */

/* Begin XCBuildConfiguration section */
		18D34DC01E2EFB84003B64F7 /* Debug */ = {
			isa = XCBuildConfiguration;
			buildSettings = {
				ALWAYS_SEARCH_USER_PATHS = NO;
				CLANG_ANALYZER_NONNULL = YES;
				CLANG_CXX_LANGUAGE_STANDARD = "gnu++0x";
				CLANG_CXX_LIBRARY = "libc++";
				CLANG_ENABLE_MODULES = YES;
				CLANG_ENABLE_OBJC_ARC = YES;
				CLANG_WARN_BOOL_CONVERSION = YES;
				CLANG_WARN_CONSTANT_CONVERSION = YES;
				CLANG_WARN_DIRECT_OBJC_ISA_USAGE = YES_ERROR;
				CLANG_WARN_DOCUMENTATION_COMMENTS = YES;
				CLANG_WARN_EMPTY_BODY = YES;
				CLANG_WARN_ENUM_CONVERSION = YES;
				CLANG_WARN_INFINITE_RECURSION = YES;
				CLANG_WARN_INT_CONVERSION = YES;
				CLANG_WARN_OBJC_ROOT_CLASS = YES_ERROR;
				CLANG_WARN_SUSPICIOUS_MOVE = YES;
				CLANG_WARN_UNREACHABLE_CODE = YES;
				CLANG_WARN__DUPLICATE_METHOD_MATCH = YES;
				"CODE_SIGN_IDENTITY[sdk=iphoneos*]" = "iPhone Developer";
				COPY_PHASE_STRIP = NO;
				DEBUG_INFORMATION_FORMAT = dwarf;
				ENABLE_STRICT_OBJC_MSGSEND = YES;
				ENABLE_TESTABILITY = YES;
				GCC_C_LANGUAGE_STANDARD = gnu99;
				GCC_DYNAMIC_NO_PIC = NO;
				GCC_NO_COMMON_BLOCKS = YES;
				GCC_OPTIMIZATION_LEVEL = 0;
				GCC_PREPROCESSOR_DEFINITIONS = (
					"DEBUG=1",
					"$(inherited)",
				);
				GCC_WARN_64_TO_32_BIT_CONVERSION = YES;
				GCC_WARN_ABOUT_RETURN_TYPE = YES_ERROR;
				GCC_WARN_UNDECLARED_SELECTOR = YES;
				GCC_WARN_UNINITIALIZED_AUTOS = YES_AGGRESSIVE;
				GCC_WARN_UNUSED_FUNCTION = YES;
				GCC_WARN_UNUSED_VARIABLE = YES;
				IPHONEOS_DEPLOYMENT_TARGET = 10.2;
				MTL_ENABLE_DEBUG_INFO = YES;
				ONLY_ACTIVE_ARCH = YES;
				SDKROOT = iphoneos;
				SWIFT_ACTIVE_COMPILATION_CONDITIONS = DEBUG;
				SWIFT_OPTIMIZATION_LEVEL = "-Onone";
				TARGETED_DEVICE_FAMILY = "1,2";
			};
			name = Debug;
		};
		18D34DC11E2EFB84003B64F7 /* Release */ = {
			isa = XCBuildConfiguration;
			buildSettings = {
				ALWAYS_SEARCH_USER_PATHS = NO;
				CLANG_ANALYZER_NONNULL = YES;
				CLANG_CXX_LANGUAGE_STANDARD = "gnu++0x";
				CLANG_CXX_LIBRARY = "libc++";
				CLANG_ENABLE_MODULES = YES;
				CLANG_ENABLE_OBJC_ARC = YES;
				CLANG_WARN_BOOL_CONVERSION = YES;
				CLANG_WARN_CONSTANT_CONVERSION = YES;
				CLANG_WARN_DIRECT_OBJC_ISA_USAGE = YES_ERROR;
				CLANG_WARN_DOCUMENTATION_COMMENTS = YES;
				CLANG_WARN_EMPTY_BODY = YES;
				CLANG_WARN_ENUM_CONVERSION = YES;
				CLANG_WARN_INFINITE_RECURSION = YES;
				CLANG_WARN_INT_CONVERSION = YES;
				CLANG_WARN_OBJC_ROOT_CLASS = YES_ERROR;
				CLANG_WARN_SUSPICIOUS_MOVE = YES;
				CLANG_WARN_UNREACHABLE_CODE = YES;
				CLANG_WARN__DUPLICATE_METHOD_MATCH = YES;
				"CODE_SIGN_IDENTITY[sdk=iphoneos*]" = "iPhone Developer";
				COPY_PHASE_STRIP = NO;
				DEBUG_INFORMATION_FORMAT = "dwarf-with-dsym";
				ENABLE_NS_ASSERTIONS = NO;
				ENABLE_STRICT_OBJC_MSGSEND = YES;
				GCC_C_LANGUAGE_STANDARD = gnu99;
				GCC_NO_COMMON_BLOCKS = YES;
				GCC_WARN_64_TO_32_BIT_CONVERSION = YES;
				GCC_WARN_ABOUT_RETURN_TYPE = YES_ERROR;
				GCC_WARN_UNDECLARED_SELECTOR = YES;
				GCC_WARN_UNINITIALIZED_AUTOS = YES_AGGRESSIVE;
				GCC_WARN_UNUSED_FUNCTION = YES;
				GCC_WARN_UNUSED_VARIABLE = YES;
				IPHONEOS_DEPLOYMENT_TARGET = 10.2;
				MTL_ENABLE_DEBUG_INFO = NO;
				SDKROOT = iphoneos;
				SWIFT_OPTIMIZATION_LEVEL = "-Owholemodule";
				TARGETED_DEVICE_FAMILY = "1,2";
				VALIDATE_PRODUCT = YES;
			};
			name = Release;
		};
		18D34DC31E2EFB84003B64F7 /* Debug */ = {
			isa = XCBuildConfiguration;
			buildSettings = {
				ASSETCATALOG_COMPILER_APPICON_NAME = AppIcon;
				INFOPLIST_FILE = sampleSwitch/Info.plist;
				LD_RUNPATH_SEARCH_PATHS = "$(inherited) @executable_path/Frameworks";
				PRODUCT_BUNDLE_IDENTIFIER = com.sasakikazuhiro.sampleSwitch;
				PRODUCT_NAME = "$(TARGET_NAME)";
				SWIFT_VERSION = 3.0;
			};
			name = Debug;
		};
		18D34DC41E2EFB84003B64F7 /* Release */ = {
			isa = XCBuildConfiguration;
			buildSettings = {
				ASSETCATALOG_COMPILER_APPICON_NAME = AppIcon;
				INFOPLIST_FILE = sampleSwitch/Info.plist;
				LD_RUNPATH_SEARCH_PATHS = "$(inherited) @executable_path/Frameworks";
				PRODUCT_BUNDLE_IDENTIFIER = com.sasakikazuhiro.sampleSwitch;
				PRODUCT_NAME = "$(TARGET_NAME)";
				SWIFT_VERSION = 3.0;
			};
			name = Release;
		};
		18D34DC61E2EFB84003B64F7 /* Debug */ = {
			isa = XCBuildConfiguration;
			buildSettings = {
				ALWAYS_EMBED_SWIFT_STANDARD_LIBRARIES = YES;
				BUNDLE_LOADER = "$(TEST_HOST)";
				INFOPLIST_FILE = sampleSwitchTests/Info.plist;
				LD_RUNPATH_SEARCH_PATHS = "$(inherited) @executable_path/Frameworks @loader_path/Frameworks";
				PRODUCT_BUNDLE_IDENTIFIER = com.sasakikazuhiro.sampleSwitchTests;
				PRODUCT_NAME = "$(TARGET_NAME)";
				SWIFT_VERSION = 3.0;
				TEST_HOST = "$(BUILT_PRODUCTS_DIR)/sampleSwitch.app/sampleSwitch";
			};
			name = Debug;
		};
		18D34DC71E2EFB84003B64F7 /* Release */ = {
			isa = XCBuildConfiguration;
			buildSettings = {
				ALWAYS_EMBED_SWIFT_STANDARD_LIBRARIES = YES;
				BUNDLE_LOADER = "$(TEST_HOST)";
				INFOPLIST_FILE = sampleSwitchTests/Info.plist;
				LD_RUNPATH_SEARCH_PATHS = "$(inherited) @executable_path/Frameworks @loader_path/Frameworks";
				PRODUCT_BUNDLE_IDENTIFIER = com.sasakikazuhiro.sampleSwitchTests;
				PRODUCT_NAME = "$(TARGET_NAME)";
				SWIFT_VERSION = 3.0;
				TEST_HOST = "$(BUILT_PRODUCTS_DIR)/sampleSwitch.app/sampleSwitch";
			};
			name = Release;
		};
		18D34DC91E2EFB84003B64F7 /* Debug */ = {
			isa = XCBuildConfiguration;
			buildSettings = {
				ALWAYS_EMBED_SWIFT_STANDARD_LIBRARIES = YES;
				INFOPLIST_FILE = sampleSwitchUITests/Info.plist;
				LD_RUNPATH_SEARCH_PATHS = "$(inherited) @executable_path/Frameworks @loader_path/Frameworks";
				PRODUCT_BUNDLE_IDENTIFIER = com.sasakikazuhiro.sampleSwitchUITests;
				PRODUCT_NAME = "$(TARGET_NAME)";
				SWIFT_VERSION = 3.0;
				TEST_TARGET_NAME = sampleSwitch;
			};
			name = Debug;
		};
		18D34DCA1E2EFB84003B64F7 /* Release */ = {
			isa = XCBuildConfiguration;
			buildSettings = {
				ALWAYS_EMBED_SWIFT_STANDARD_LIBRARIES = YES;
				INFOPLIST_FILE = sampleSwitchUITests/Info.plist;
				LD_RUNPATH_SEARCH_PATHS = "$(inherited) @executable_path/Frameworks @loader_path/Frameworks";
				PRODUCT_BUNDLE_IDENTIFIER = com.sasakikazuhiro.sampleSwitchUITests;
				PRODUCT_NAME = "$(TARGET_NAME)";
				SWIFT_VERSION = 3.0;
				TEST_TARGET_NAME = sampleSwitch;
			};
			name = Release;
		};
/* End XCBuildConfiguration section */

/* Begin XCConfigurationList section */
		18D34D951E2EFB82003B64F7 /* Build configuration list for PBXProject "sampleSwitch" */ = {
			isa = XCConfigurationList;
			buildConfigurations = (
				18D34DC01E2EFB84003B64F7 /* Debug */,
				18D34DC11E2EFB84003B64F7 /* Release */,
			);
			defaultConfigurationIsVisible = 0;
			defaultConfigurationName = Release;
		};
		18D34DC21E2EFB84003B64F7 /* Build configuration list for PBXNativeTarget "sampleSwitch" */ = {
			isa = XCConfigurationList;
			buildConfigurations = (
				18D34DC31E2EFB84003B64F7 /* Debug */,
				18D34DC41E2EFB84003B64F7 /* Release */,
			);
			defaultConfigurationIsVisible = 0;
		};
		18D34DC51E2EFB84003B64F7 /* Build configuration list for PBXNativeTarget "sampleSwitchTests" */ = {
			isa = XCConfigurationList;
			buildConfigurations = (
				18D34DC61E2EFB84003B64F7 /* Debug */,
				18D34DC71E2EFB84003B64F7 /* Release */,
			);
			defaultConfigurationIsVisible = 0;
		};
		18D34DC81E2EFB84003B64F7 /* Build configuration list for PBXNativeTarget "sampleSwitchUITests" */ = {
			isa = XCConfigurationList;
			buildConfigurations = (
				18D34DC91E2EFB84003B64F7 /* Debug */,
				18D34DCA1E2EFB84003B64F7 /* Release */,
			);
			defaultConfigurationIsVisible = 0;
		};
/* End XCConfigurationList section */
	};
	rootObject = 18D34D921E2EFB82003B64F7 /* Project object */;
}
